
Microsoft Visual Studio Solution File, Format Version 12.00
# Visual Studio 15
VisualStudioVersion = 15.0.26124.0
MinimumVisualStudioVersion = 15.0.26124.0
Project("{2150E333-8FDC-42A3-9474-1A3956D46DE8}") = "Program", "Program", "{0EE42474-B149-4586-9BE5-A59772E48F21}"
EndProject
Project("{FAE04EC0-301F-11D3-BF4B-00C04F79EFBC}") = "Problems", "Program\Problems\Problems.csproj", "{5D733F19-1774-4045-891C-FE523E931DAB}"
EndProject
Project("{FAE04EC0-301F-11D3-BF4B-00C04F79EFBC}") = "Problems.Tests", "Program\Problems.Tests\Problems.Tests.csproj", "{BBEB79DB-5ED5-42BC-AA78-382DC07C8740}"
EndProject
Global
	GlobalSection(SolutionConfigurationPlatforms) = preSolution
		Debug|Any CPU = Debug|Any CPU
		Debug|x64 = Debug|x64
		Debug|x86 = Debug|x86
		Release|Any CPU = Release|Any CPU
		Release|x64 = Release|x64
		Release|x86 = Release|x86
	EndGlobalSection
	GlobalSection(SolutionProperties) = preSolution
		HideSolutionNode = FALSE
	EndGlobalSection
	GlobalSection(ProjectConfigurationPlatforms) = postSolution
		{5D733F19-1774-4045-891C-FE523E931DAB}.Debug|Any CPU.ActiveCfg = Debug|Any CPU
		{5D733F19-1774-4045-891C-FE523E931DAB}.Debug|Any CPU.Build.0 = Debug|Any CPU
		{5D733F19-1774-4045-891C-FE523E931DAB}.Debug|x64.ActiveCfg = Debug|Any CPU
		{5D733F19-1774-4045-891C-FE523E931DAB}.Debug|x64.Build.0 = Debug|Any CPU
		{5D733F19-1774-4045-891C-FE523E931DAB}.Debug|x86.ActiveCfg = Debug|Any CPU
		{5D733F19-1774-4045-891C-FE523E931DAB}.Debug|x86.Build.0 = Debug|Any CPU
		{5D733F19-1774-4045-891C-FE523E931DAB}.Release|Any CPU.ActiveCfg = Release|Any CPU
		{5D733F19-1774-4045-891C-FE523E931DAB}.Release|Any CPU.Build.0 = Release|Any CPU
		{5D733F19-1774-4045-891C-FE523E931DAB}.Release|x64.ActiveCfg = Release|Any CPU
		{5D733F19-1774-4045-891C-FE523E931DAB}.Release|x64.Build.0 = Release|Any CPU
		{5D733F19-1774-4045-891C-FE523E931DAB}.Release|x86.ActiveCfg = Release|Any CPU
		{5D733F19-1774-4045-891C-FE523E931DAB}.Release|x86.Build.0 = Release|Any CPU
		{BBEB79DB-5ED5-42BC-AA78-382DC07C8740}.Debug|Any CPU.ActiveCfg = Debug|Any CPU
		{BBEB79DB-5ED5-42BC-AA78-382DC07C8740}.Debug|Any CPU.Build.0 = Debug|Any CPU
		{BBEB79DB-5ED5-42BC-AA78-382DC07C8740}.Debug|x64.ActiveCfg = Debug|Any CPU
		{BBEB79DB-5ED5-42BC-AA78-382DC07C8740}.Debug|x64.Build.0 = Debug|Any CPU
		{BBEB79DB-5ED5-42BC-AA78-382DC07C8740}.Debug|x86.ActiveCfg = Debug|Any CPU
		{BBEB79DB-5ED5-42BC-AA78-382DC07C8740}.Debug|x86.Build.0 = Debug|Any CPU
		{BBEB79DB-5ED5-42BC-AA78-382DC07C8740}.Release|Any CPU.ActiveCfg = Release|Any CPU
		{BBEB79DB-5ED5-42BC-AA78-382DC07C8740}.Release|Any CPU.Build.0 = Release|Any CPU
		{BBEB79DB-5ED5-42BC-AA78-382DC07C8740}.Release|x64.ActiveCfg = Release|Any CPU
		{BBEB79DB-5ED5-42BC-AA78-382DC07C8740}.Release|x64.Build.0 = Release|Any CPU
		{BBEB79DB-5ED5-42BC-AA78-382DC07C8740}.Release|x86.ActiveCfg = Release|Any CPU
		{BBEB79DB-5ED5-42BC-AA78-382DC07C8740}.Release|x86.Build.0 = Release|Any CPU
	EndGlobalSection
	GlobalSection(NestedProjects) = preSolution
		{5D733F19-1774-4045-891C-FE523E931DAB} = {0EE42474-B149-4586-9BE5-A59772E48F21}
		{BBEB79DB-5ED5-42BC-AA78-382DC07C8740} = {0EE42474-B149-4586-9BE5-A59772E48F21}
	EndGlobalSection
EndGlobal
